
Microsoft Visual Studio Solution File, Format Version 12.00
# Visual Studio 2013
VisualStudioVersion = 12.0.21005.1
MinimumVisualStudioVersion = 10.0.40219.1
Project("{FAE04EC0-301F-11D3-BF4B-00C04F79EFBC}") = "Part_1_a", "Part_1_a\Part_1_a.csproj", "{6C2569EE-F252-4797-9338-CB17A29DA595}"
EndProject
Project("{FAE04EC0-301F-11D3-BF4B-00C04F79EFBC}") = "Part_1_b", "Part_1_b\Part_1_b.csproj", "{A8A257CE-B9F6-41A5-A06F-1D44F3028BAB}"
EndProject
Project("{FAE04EC0-301F-11D3-BF4B-00C04F79EFBC}") = "Part_1_c", "Part_1_c\Part_1_c.csproj", "{92132D91-34AB-489C-9AF1-07F034DF6F7B}"
EndProject
Project("{FAE04EC0-301F-11D3-BF4B-00C04F79EFBC}") = "Part_2_a", "Part_2_a\Part_2_a.csproj", "{6F4505A8-BA96-4F1D-969C-5AFE2FFDEECF}"
EndProject
Project("{FAE04EC0-301F-11D3-BF4B-00C04F79EFBC}") = "Part_2_b", "Part_2_b\Part_2_b.csproj", "{688B2BCF-30FB-43F5-8CB8-8FC42C051A1B}"
EndProject
Project("{FAE04EC0-301F-11D3-BF4B-00C04F79EFBC}") = "Part_2_c", "Part_2_c\Part_2_c.csproj", "{2BFD4A68-7E6D-46C2-BF3D-3A1FF95F279D}"
EndProject
Project("{FAE04EC0-301F-11D3-BF4B-00C04F79EFBC}") = "Part_2_d", "Part_2_d\Part_2_d.csproj", "{93942D24-D40E-4202-8808-7125A1CD1DFB}"
EndProject
Project("{FAE04EC0-301F-11D3-BF4B-00C04F79EFBC}") = "Part_3_a", "Part_3_a\Part_3_a.csproj", "{E377A24A-2463-47D3-BA75-FFAAD4C94037}"
EndProject
Project("{FAE04EC0-301F-11D3-BF4B-00C04F79EFBC}") = "Part_3_b", "Part_3_b\Part_3_b.csproj", "{E48A36A7-8076-45EB-8D0C-2C9DCF6143CF}"
EndProject
Project("{FAE04EC0-301F-11D3-BF4B-00C04F79EFBC}") = "Part_2_e", "Part_2_e\Part_2_e.csproj", "{CDBE217C-4BCC-4C4A-BBF2-5A1FB3E0747F}"
EndProject
Project("{FAE04EC0-301F-11D3-BF4B-00C04F79EFBC}") = "Part_2_f", "Part_2_f\Part_2_f.csproj", "{CA689796-834E-4BFB-87A1-BEBEB376234B}"
EndProject
Project("{FAE04EC0-301F-11D3-BF4B-00C04F79EFBC}") = "Part_2_g", "Part_2_g\Part_2_g.csproj", "{AA96B1D3-EA0F-4ACA-A0E8-08EB9D4A5F17}"
EndProject
Project("{FAE04EC0-301F-11D3-BF4B-00C04F79EFBC}") = "Part_2_h", "Part_2_h\Part_2_h.csproj", "{07346DC9-7A74-410D-ADFF-D11F68D50100}"
EndProject
Project("{FAE04EC0-301F-11D3-BF4B-00C04F79EFBC}") = "Part_2_i", "Part_2_i\Part_2_i.csproj", "{73DD17CE-0E55-4941-B108-6CECD860E123}"
EndProject
Project("{FAE04EC0-301F-11D3-BF4B-00C04F79EFBC}") = "Part_2_j", "Part_2_j\Part_2_j.csproj", "{4BB7D81C-491D-4311-8B78-9C339EB63F05}"
EndProject
Project("{FAE04EC0-301F-11D3-BF4B-00C04F79EFBC}") = "Part_2_k", "Part_2_k\Part_2_k.csproj", "{C93C5DBA-548B-4BAE-97EA-2B9C276D67FA}"
EndProject
Project("{FAE04EC0-301F-11D3-BF4B-00C04F79EFBC}") = "Part_2_l", "Part_2_l\Part_2_l.csproj", "{4812402F-B99C-44A2-AC66-3085905FDFA4}"
EndProject
Project("{FAE04EC0-301F-11D3-BF4B-00C04F79EFBC}") = "Part_3_c", "Part_3_c\Part_3_c.csproj", "{C2455247-4070-420C-96CA-DC1E3B963509}"
EndProject
Project("{FAE04EC0-301F-11D3-BF4B-00C04F79EFBC}") = "Part_4_a", "Part_4_a\Part_4_a.csproj", "{3B7B2785-BADD-4EE9-BF03-081B3A824C06}"
EndProject
Project("{FAE04EC0-301F-11D3-BF4B-00C04F79EFBC}") = "Part_4_b", "Part_4_b\Part_4_b.csproj", "{F8684FFB-4115-4ED1-982C-301898E4970A}"
EndProject
Project("{FAE04EC0-301F-11D3-BF4B-00C04F79EFBC}") = "Part_5_a", "Part_5_a\Part_5_a.csproj", "{0219E00D-9716-4A7A-BA8B-32BB3416CC50}"
EndProject
Project("{FAE04EC0-301F-11D3-BF4B-00C04F79EFBC}") = "Part_5_b", "Part_5_b\Part_5_b.csproj", "{3BD3AEDF-7F83-4A90-8024-2F6A79BD5B4B}"
EndProject
Project("{FAE04EC0-301F-11D3-BF4B-00C04F79EFBC}") = "Part_5_c", "Part_5_c\Part_5_c.csproj", "{FF7AE2CE-B131-42D6-B8EA-66763FC10380}"
EndProject
Project("{FAE04EC0-301F-11D3-BF4B-00C04F79EFBC}") = "Part_5_d", "Part_5_d\Part_5_d.csproj", "{D0F0D8AD-170A-45F9-AEBE-42494DBF683B}"
EndProject
Project("{FAE04EC0-301F-11D3-BF4B-00C04F79EFBC}") = "Part_5_e", "Part_5_e\Part_5_e.csproj", "{318022B8-5036-4CC9-B118-99905CF4911D}"
EndProject
Project("{FAE04EC0-301F-11D3-BF4B-00C04F79EFBC}") = "Part_5_f", "Part_5_f\Part_5_f.csproj", "{B048E64B-D6DD-46E1-B683-00FD5756C10A}"
EndProject
Project("{FAE04EC0-301F-11D3-BF4B-00C04F79EFBC}") = "Part_6_a", "Part_6_a\Part_6_a.csproj", "{FB470C95-79D2-4CD3-815E-3B705CF8092E}"
EndProject
Project("{FAE04EC0-301F-11D3-BF4B-00C04F79EFBC}") = "Part_6_b", "Part_6_b\Part_6_b.csproj", "{A39F50C2-680D-4D7D-8C8F-5B787ECA341D}"
EndProject
Project("{FAE04EC0-301F-11D3-BF4B-00C04F79EFBC}") = "Part_6_c", "Part_6_c\Part_6_c.csproj", "{34C27CC9-91B0-4A3B-AD37-C55F17CDFAF6}"
EndProject
Project("{FAE04EC0-301F-11D3-BF4B-00C04F79EFBC}") = "Part_7_a", "Part_7_a\Part_7_a.csproj", "{57C8FA79-BC56-405E-A231-E1BE62E504AE}"
EndProject
Project("{FAE04EC0-301F-11D3-BF4B-00C04F79EFBC}") = "Part_7_b", "Part_7_b\Part_7_b.csproj", "{0A13D940-0D96-41AC-8FAD-902C87E01C69}"
EndProject
Project("{FAE04EC0-301F-11D3-BF4B-00C04F79EFBC}") = "Part_7_c", "Part_7_c\Part_7_c.csproj", "{FEDA58E4-FE9A-4E25-97C4-8B4B5C536140}"
EndProject
Project("{FAE04EC0-301F-11D3-BF4B-00C04F79EFBC}") = "Part_7_d", "Part_7_d\Part_7_d.csproj", "{5B002389-0D93-4923-AE24-C900F1B271CF}"
EndProject
Project("{FAE04EC0-301F-11D3-BF4B-00C04F79EFBC}") = "Part_7_e", "Part_7_e\Part_7_e.csproj", "{6CBA9B27-2C19-4DF1-A344-302FEEE92C4A}"
EndProject
Project("{FAE04EC0-301F-11D3-BF4B-00C04F79EFBC}") = "Part_7_f", "Part_7_f\Part_7_f.csproj", "{896B32DD-C998-41F7-89F7-1A340C6D70B0}"
EndProject
Project("{FAE04EC0-301F-11D3-BF4B-00C04F79EFBC}") = "Part_7_g", "Part_7_g\Part_7_g.csproj", "{54CCCE18-0457-4CF8-AE2D-3BA779F04286}"
EndProject
Project("{FAE04EC0-301F-11D3-BF4B-00C04F79EFBC}") = "Part_7_h", "Part_7_h\Part_7_h.csproj", "{35C160F8-C910-4278-861B-7236984FC94A}"
EndProject
Project("{FAE04EC0-301F-11D3-BF4B-00C04F79EFBC}") = "Part_7_i", "Part_7_i\Part_7_i.csproj", "{0A584098-A728-43F6-8E88-A97186338BB3}"
EndProject
Project("{FAE04EC0-301F-11D3-BF4B-00C04F79EFBC}") = "Part_7_j", "Part_7_j\Part_7_j.csproj", "{3D1A5693-156D-465F-8616-99188DE0A9B2}"
EndProject
Project("{FAE04EC0-301F-11D3-BF4B-00C04F79EFBC}") = "Part_8_a", "Part_8_a\Part_8_a.csproj", "{78985DBF-7995-4391-973B-E723E753C8CA}"
EndProject
Global
	GlobalSection(SolutionConfigurationPlatforms) = preSolution
		Debug|Any CPU = Debug|Any CPU
		Release|Any CPU = Release|Any CPU
	EndGlobalSection
	GlobalSection(ProjectConfigurationPlatforms) = postSolution
		{6C2569EE-F252-4797-9338-CB17A29DA595}.Debug|Any CPU.ActiveCfg = Debug|Any CPU
		{6C2569EE-F252-4797-9338-CB17A29DA595}.Debug|Any CPU.Build.0 = Debug|Any CPU
		{6C2569EE-F252-4797-9338-CB17A29DA595}.Release|Any CPU.ActiveCfg = Release|Any CPU
		{6C2569EE-F252-4797-9338-CB17A29DA595}.Release|Any CPU.Build.0 = Release|Any CPU
		{A8A257CE-B9F6-41A5-A06F-1D44F3028BAB}.Debug|Any CPU.ActiveCfg = Debug|Any CPU
		{A8A257CE-B9F6-41A5-A06F-1D44F3028BAB}.Debug|Any CPU.Build.0 = Debug|Any CPU
		{A8A257CE-B9F6-41A5-A06F-1D44F3028BAB}.Release|Any CPU.ActiveCfg = Release|Any CPU
		{A8A257CE-B9F6-41A5-A06F-1D44F3028BAB}.Release|Any CPU.Build.0 = Release|Any CPU
		{92132D91-34AB-489C-9AF1-07F034DF6F7B}.Debug|Any CPU.ActiveCfg = Debug|Any CPU
		{92132D91-34AB-489C-9AF1-07F034DF6F7B}.Debug|Any CPU.Build.0 = Debug|Any CPU
		{92132D91-34AB-489C-9AF1-07F034DF6F7B}.Release|Any CPU.ActiveCfg = Release|Any CPU
		{92132D91-34AB-489C-9AF1-07F034DF6F7B}.Release|Any CPU.Build.0 = Release|Any CPU
		{6F4505A8-BA96-4F1D-969C-5AFE2FFDEECF}.Debug|Any CPU.ActiveCfg = Debug|Any CPU
		{6F4505A8-BA96-4F1D-969C-5AFE2FFDEECF}.Debug|Any CPU.Build.0 = Debug|Any CPU
		{6F4505A8-BA96-4F1D-969C-5AFE2FFDEECF}.Release|Any CPU.ActiveCfg = Release|Any CPU
		{6F4505A8-BA96-4F1D-969C-5AFE2FFDEECF}.Release|Any CPU.Build.0 = Release|Any CPU
		{688B2BCF-30FB-43F5-8CB8-8FC42C051A1B}.Debug|Any CPU.ActiveCfg = Debug|Any CPU
		{688B2BCF-30FB-43F5-8CB8-8FC42C051A1B}.Debug|Any CPU.Build.0 = Debug|Any CPU
		{688B2BCF-30FB-43F5-8CB8-8FC42C051A1B}.Release|Any CPU.ActiveCfg = Release|Any CPU
		{688B2BCF-30FB-43F5-8CB8-8FC42C051A1B}.Release|Any CPU.Build.0 = Release|Any CPU
		{2BFD4A68-7E6D-46C2-BF3D-3A1FF95F279D}.Debug|Any CPU.ActiveCfg = Debug|Any CPU
		{2BFD4A68-7E6D-46C2-BF3D-3A1FF95F279D}.Debug|Any CPU.Build.0 = Debug|Any CPU
		{2BFD4A68-7E6D-46C2-BF3D-3A1FF95F279D}.Release|Any CPU.ActiveCfg = Release|Any CPU
		{2BFD4A68-7E6D-46C2-BF3D-3A1FF95F279D}.Release|Any CPU.Build.0 = Release|Any CPU
		{93942D24-D40E-4202-8808-7125A1CD1DFB}.Debug|Any CPU.ActiveCfg = Debug|Any CPU
		{93942D24-D40E-4202-8808-7125A1CD1DFB}.Debug|Any CPU.Build.0 = Debug|Any CPU
		{93942D24-D40E-4202-8808-7125A1CD1DFB}.Release|Any CPU.ActiveCfg = Release|Any CPU
		{93942D24-D40E-4202-8808-7125A1CD1DFB}.Release|Any CPU.Build.0 = Release|Any CPU
		{E377A24A-2463-47D3-BA75-FFAAD4C94037}.Debug|Any CPU.ActiveCfg = Debug|Any CPU
		{E377A24A-2463-47D3-BA75-FFAAD4C94037}.Debug|Any CPU.Build.0 = Debug|Any CPU
		{E377A24A-2463-47D3-BA75-FFAAD4C94037}.Release|Any CPU.ActiveCfg = Release|Any CPU
		{E377A24A-2463-47D3-BA75-FFAAD4C94037}.Release|Any CPU.Build.0 = Release|Any CPU
		{E48A36A7-8076-45EB-8D0C-2C9DCF6143CF}.Debug|Any CPU.ActiveCfg = Debug|Any CPU
		{E48A36A7-8076-45EB-8D0C-2C9DCF6143CF}.Debug|Any CPU.Build.0 = Debug|Any CPU
		{E48A36A7-8076-45EB-8D0C-2C9DCF6143CF}.Release|Any CPU.ActiveCfg = Release|Any CPU
		{E48A36A7-8076-45EB-8D0C-2C9DCF6143CF}.Release|Any CPU.Build.0 = Release|Any CPU
		{CDBE217C-4BCC-4C4A-BBF2-5A1FB3E0747F}.Debug|Any CPU.ActiveCfg = Debug|Any CPU
		{CDBE217C-4BCC-4C4A-BBF2-5A1FB3E0747F}.Debug|Any CPU.Build.0 = Debug|Any CPU
		{CDBE217C-4BCC-4C4A-BBF2-5A1FB3E0747F}.Release|Any CPU.ActiveCfg = Release|Any CPU
		{CDBE217C-4BCC-4C4A-BBF2-5A1FB3E0747F}.Release|Any CPU.Build.0 = Release|Any CPU
		{CA689796-834E-4BFB-87A1-BEBEB376234B}.Debug|Any CPU.ActiveCfg = Debug|Any CPU
		{CA689796-834E-4BFB-87A1-BEBEB376234B}.Debug|Any CPU.Build.0 = Debug|Any CPU
		{CA689796-834E-4BFB-87A1-BEBEB376234B}.Release|Any CPU.ActiveCfg = Release|Any CPU
		{CA689796-834E-4BFB-87A1-BEBEB376234B}.Release|Any CPU.Build.0 = Release|Any CPU
		{AA96B1D3-EA0F-4ACA-A0E8-08EB9D4A5F17}.Debug|Any CPU.ActiveCfg = Debug|Any CPU
		{AA96B1D3-EA0F-4ACA-A0E8-08EB9D4A5F17}.Debug|Any CPU.Build.0 = Debug|Any CPU
		{AA96B1D3-EA0F-4ACA-A0E8-08EB9D4A5F17}.Release|Any CPU.ActiveCfg = Release|Any CPU
		{AA96B1D3-EA0F-4ACA-A0E8-08EB9D4A5F17}.Release|Any CPU.Build.0 = Release|Any CPU
		{07346DC9-7A74-410D-ADFF-D11F68D50100}.Debug|Any CPU.ActiveCfg = Debug|Any CPU
		{07346DC9-7A74-410D-ADFF-D11F68D50100}.Debug|Any CPU.Build.0 = Debug|Any CPU
		{07346DC9-7A74-410D-ADFF-D11F68D50100}.Release|Any CPU.ActiveCfg = Release|Any CPU
		{07346DC9-7A74-410D-ADFF-D11F68D50100}.Release|Any CPU.Build.0 = Release|Any CPU
		{73DD17CE-0E55-4941-B108-6CECD860E123}.Debug|Any CPU.ActiveCfg = Debug|Any CPU
		{73DD17CE-0E55-4941-B108-6CECD860E123}.Debug|Any CPU.Build.0 = Debug|Any CPU
		{73DD17CE-0E55-4941-B108-6CECD860E123}.Release|Any CPU.ActiveCfg = Release|Any CPU
		{73DD17CE-0E55-4941-B108-6CECD860E123}.Release|Any CPU.Build.0 = Release|Any CPU
		{4BB7D81C-491D-4311-8B78-9C339EB63F05}.Debug|Any CPU.ActiveCfg = Debug|Any CPU
		{4BB7D81C-491D-4311-8B78-9C339EB63F05}.Debug|Any CPU.Build.0 = Debug|Any CPU
		{4BB7D81C-491D-4311-8B78-9C339EB63F05}.Release|Any CPU.ActiveCfg = Release|Any CPU
		{4BB7D81C-491D-4311-8B78-9C339EB63F05}.Release|Any CPU.Build.0 = Release|Any CPU
		{C93C5DBA-548B-4BAE-97EA-2B9C276D67FA}.Debug|Any CPU.ActiveCfg = Debug|Any CPU
		{C93C5DBA-548B-4BAE-97EA-2B9C276D67FA}.Debug|Any CPU.Build.0 = Debug|Any CPU
		{C93C5DBA-548B-4BAE-97EA-2B9C276D67FA}.Release|Any CPU.ActiveCfg = Release|Any CPU
		{C93C5DBA-548B-4BAE-97EA-2B9C276D67FA}.Release|Any CPU.Build.0 = Release|Any CPU
		{4812402F-B99C-44A2-AC66-3085905FDFA4}.Debug|Any CPU.ActiveCfg = Debug|Any CPU
		{4812402F-B99C-44A2-AC66-3085905FDFA4}.Debug|Any CPU.Build.0 = Debug|Any CPU
		{4812402F-B99C-44A2-AC66-3085905FDFA4}.Release|Any CPU.ActiveCfg = Release|Any CPU
		{4812402F-B99C-44A2-AC66-3085905FDFA4}.Release|Any CPU.Build.0 = Release|Any CPU
		{C2455247-4070-420C-96CA-DC1E3B963509}.Debug|Any CPU.ActiveCfg = Debug|Any CPU
		{C2455247-4070-420C-96CA-DC1E3B963509}.Debug|Any CPU.Build.0 = Debug|Any CPU
		{C2455247-4070-420C-96CA-DC1E3B963509}.Release|Any CPU.ActiveCfg = Release|Any CPU
		{C2455247-4070-420C-96CA-DC1E3B963509}.Release|Any CPU.Build.0 = Release|Any CPU
		{3B7B2785-BADD-4EE9-BF03-081B3A824C06}.Debug|Any CPU.ActiveCfg = Debug|Any CPU
		{3B7B2785-BADD-4EE9-BF03-081B3A824C06}.Debug|Any CPU.Build.0 = Debug|Any CPU
		{3B7B2785-BADD-4EE9-BF03-081B3A824C06}.Release|Any CPU.ActiveCfg = Release|Any CPU
		{3B7B2785-BADD-4EE9-BF03-081B3A824C06}.Release|Any CPU.Build.0 = Release|Any CPU
		{F8684FFB-4115-4ED1-982C-301898E4970A}.Debug|Any CPU.ActiveCfg = Debug|Any CPU
		{F8684FFB-4115-4ED1-982C-301898E4970A}.Debug|Any CPU.Build.0 = Debug|Any CPU
		{F8684FFB-4115-4ED1-982C-301898E4970A}.Release|Any CPU.ActiveCfg = Release|Any CPU
		{F8684FFB-4115-4ED1-982C-301898E4970A}.Release|Any CPU.Build.0 = Release|Any CPU
		{0219E00D-9716-4A7A-BA8B-32BB3416CC50}.Debug|Any CPU.ActiveCfg = Debug|Any CPU
		{0219E00D-9716-4A7A-BA8B-32BB3416CC50}.Debug|Any CPU.Build.0 = Debug|Any CPU
		{0219E00D-9716-4A7A-BA8B-32BB3416CC50}.Release|Any CPU.ActiveCfg = Release|Any CPU
		{0219E00D-9716-4A7A-BA8B-32BB3416CC50}.Release|Any CPU.Build.0 = Release|Any CPU
		{3BD3AEDF-7F83-4A90-8024-2F6A79BD5B4B}.Debug|Any CPU.ActiveCfg = Debug|Any CPU
		{3BD3AEDF-7F83-4A90-8024-2F6A79BD5B4B}.Debug|Any CPU.Build.0 = Debug|Any CPU
		{3BD3AEDF-7F83-4A90-8024-2F6A79BD5B4B}.Release|Any CPU.ActiveCfg = Release|Any CPU
		{3BD3AEDF-7F83-4A90-8024-2F6A79BD5B4B}.Release|Any CPU.Build.0 = Release|Any CPU
		{FF7AE2CE-B131-42D6-B8EA-66763FC10380}.Debug|Any CPU.ActiveCfg = Debug|Any CPU
		{FF7AE2CE-B131-42D6-B8EA-66763FC10380}.Debug|Any CPU.Build.0 = Debug|Any CPU
		{FF7AE2CE-B131-42D6-B8EA-66763FC10380}.Release|Any CPU.ActiveCfg = Release|Any CPU
		{FF7AE2CE-B131-42D6-B8EA-66763FC10380}.Release|Any CPU.Build.0 = Release|Any CPU
		{D0F0D8AD-170A-45F9-AEBE-42494DBF683B}.Debug|Any CPU.ActiveCfg = Debug|Any CPU
		{D0F0D8AD-170A-45F9-AEBE-42494DBF683B}.Debug|Any CPU.Build.0 = Debug|Any CPU
		{D0F0D8AD-170A-45F9-AEBE-42494DBF683B}.Release|Any CPU.ActiveCfg = Release|Any CPU
		{D0F0D8AD-170A-45F9-AEBE-42494DBF683B}.Release|Any CPU.Build.0 = Release|Any CPU
		{318022B8-5036-4CC9-B118-99905CF4911D}.Debug|Any CPU.ActiveCfg = Debug|Any CPU
		{318022B8-5036-4CC9-B118-99905CF4911D}.Debug|Any CPU.Build.0 = Debug|Any CPU
		{318022B8-5036-4CC9-B118-99905CF4911D}.Release|Any CPU.ActiveCfg = Release|Any CPU
		{318022B8-5036-4CC9-B118-99905CF4911D}.Release|Any CPU.Build.0 = Release|Any CPU
		{B048E64B-D6DD-46E1-B683-00FD5756C10A}.Debug|Any CPU.ActiveCfg = Debug|Any CPU
		{B048E64B-D6DD-46E1-B683-00FD5756C10A}.Debug|Any CPU.Build.0 = Debug|Any CPU
		{B048E64B-D6DD-46E1-B683-00FD5756C10A}.Release|Any CPU.ActiveCfg = Release|Any CPU
		{B048E64B-D6DD-46E1-B683-00FD5756C10A}.Release|Any CPU.Build.0 = Release|Any CPU
		{FB470C95-79D2-4CD3-815E-3B705CF8092E}.Debug|Any CPU.ActiveCfg = Debug|Any CPU
		{FB470C95-79D2-4CD3-815E-3B705CF8092E}.Debug|Any CPU.Build.0 = Debug|Any CPU
		{FB470C95-79D2-4CD3-815E-3B705CF8092E}.Release|Any CPU.ActiveCfg = Release|Any CPU
		{FB470C95-79D2-4CD3-815E-3B705CF8092E}.Release|Any CPU.Build.0 = Release|Any CPU
		{A39F50C2-680D-4D7D-8C8F-5B787ECA341D}.Debug|Any CPU.ActiveCfg = Debug|Any CPU
		{A39F50C2-680D-4D7D-8C8F-5B787ECA341D}.Debug|Any CPU.Build.0 = Debug|Any CPU
		{A39F50C2-680D-4D7D-8C8F-5B787ECA341D}.Release|Any CPU.ActiveCfg = Release|Any CPU
		{A39F50C2-680D-4D7D-8C8F-5B787ECA341D}.Release|Any CPU.Build.0 = Release|Any CPU
		{34C27CC9-91B0-4A3B-AD37-C55F17CDFAF6}.Debug|Any CPU.ActiveCfg = Debug|Any CPU
		{34C27CC9-91B0-4A3B-AD37-C55F17CDFAF6}.Debug|Any CPU.Build.0 = Debug|Any CPU
		{34C27CC9-91B0-4A3B-AD37-C55F17CDFAF6}.Release|Any CPU.ActiveCfg = Release|Any CPU
		{34C27CC9-91B0-4A3B-AD37-C55F17CDFAF6}.Release|Any CPU.Build.0 = Release|Any CPU
		{57C8FA79-BC56-405E-A231-E1BE62E504AE}.Debug|Any CPU.ActiveCfg = Debug|Any CPU
		{57C8FA79-BC56-405E-A231-E1BE62E504AE}.Debug|Any CPU.Build.0 = Debug|Any CPU
		{57C8FA79-BC56-405E-A231-E1BE62E504AE}.Release|Any CPU.ActiveCfg = Release|Any CPU
		{57C8FA79-BC56-405E-A231-E1BE62E504AE}.Release|Any CPU.Build.0 = Release|Any CPU
		{0A13D940-0D96-41AC-8FAD-902C87E01C69}.Debug|Any CPU.ActiveCfg = Debug|Any CPU
		{0A13D940-0D96-41AC-8FAD-902C87E01C69}.Debug|Any CPU.Build.0 = Debug|Any CPU
		{0A13D940-0D96-41AC-8FAD-902C87E01C69}.Release|Any CPU.ActiveCfg = Release|Any CPU
		{0A13D940-0D96-41AC-8FAD-902C87E01C69}.Release|Any CPU.Build.0 = Release|Any CPU
		{FEDA58E4-FE9A-4E25-97C4-8B4B5C536140}.Debug|Any CPU.ActiveCfg = Debug|Any CPU
		{FEDA58E4-FE9A-4E25-97C4-8B4B5C536140}.Debug|Any CPU.Build.0 = Debug|Any CPU
		{FEDA58E4-FE9A-4E25-97C4-8B4B5C536140}.Release|Any CPU.ActiveCfg = Release|Any CPU
		{FEDA58E4-FE9A-4E25-97C4-8B4B5C536140}.Release|Any CPU.Build.0 = Release|Any CPU
		{5B002389-0D93-4923-AE24-C900F1B271CF}.Debug|Any CPU.ActiveCfg = Debug|Any CPU
		{5B002389-0D93-4923-AE24-C900F1B271CF}.Debug|Any CPU.Build.0 = Debug|Any CPU
		{5B002389-0D93-4923-AE24-C900F1B271CF}.Release|Any CPU.ActiveCfg = Release|Any CPU
		{5B002389-0D93-4923-AE24-C900F1B271CF}.Release|Any CPU.Build.0 = Release|Any CPU
		{6CBA9B27-2C19-4DF1-A344-302FEEE92C4A}.Debug|Any CPU.ActiveCfg = Debug|Any CPU
		{6CBA9B27-2C19-4DF1-A344-302FEEE92C4A}.Debug|Any CPU.Build.0 = Debug|Any CPU
		{6CBA9B27-2C19-4DF1-A344-302FEEE92C4A}.Release|Any CPU.ActiveCfg = Release|Any CPU
		{6CBA9B27-2C19-4DF1-A344-302FEEE92C4A}.Release|Any CPU.Build.0 = Release|Any CPU
		{896B32DD-C998-41F7-89F7-1A340C6D70B0}.Debug|Any CPU.ActiveCfg = Debug|Any CPU
		{896B32DD-C998-41F7-89F7-1A340C6D70B0}.Debug|Any CPU.Build.0 = Debug|Any CPU
		{896B32DD-C998-41F7-89F7-1A340C6D70B0}.Release|Any CPU.ActiveCfg = Release|Any CPU
		{896B32DD-C998-41F7-89F7-1A340C6D70B0}.Release|Any CPU.Build.0 = Release|Any CPU
		{54CCCE18-0457-4CF8-AE2D-3BA779F04286}.Debug|Any CPU.ActiveCfg = Debug|Any CPU
		{54CCCE18-0457-4CF8-AE2D-3BA779F04286}.Debug|Any CPU.Build.0 = Debug|Any CPU
		{54CCCE18-0457-4CF8-AE2D-3BA779F04286}.Release|Any CPU.ActiveCfg = Release|Any CPU
		{54CCCE18-0457-4CF8-AE2D-3BA779F04286}.Release|Any CPU.Build.0 = Release|Any CPU
		{35C160F8-C910-4278-861B-7236984FC94A}.Debug|Any CPU.ActiveCfg = Debug|Any CPU
		{35C160F8-C910-4278-861B-7236984FC94A}.Debug|Any CPU.Build.0 = Debug|Any CPU
		{35C160F8-C910-4278-861B-7236984FC94A}.Release|Any CPU.ActiveCfg = Release|Any CPU
		{35C160F8-C910-4278-861B-7236984FC94A}.Release|Any CPU.Build.0 = Release|Any CPU
		{0A584098-A728-43F6-8E88-A97186338BB3}.Debug|Any CPU.ActiveCfg = Debug|Any CPU
		{0A584098-A728-43F6-8E88-A97186338BB3}.Debug|Any CPU.Build.0 = Debug|Any CPU
		{0A584098-A728-43F6-8E88-A97186338BB3}.Release|Any CPU.ActiveCfg = Release|Any CPU
		{0A584098-A728-43F6-8E88-A97186338BB3}.Release|Any CPU.Build.0 = Release|Any CPU
		{3D1A5693-156D-465F-8616-99188DE0A9B2}.Debug|Any CPU.ActiveCfg = Debug|Any CPU
		{3D1A5693-156D-465F-8616-99188DE0A9B2}.Debug|Any CPU.Build.0 = Debug|Any CPU
		{3D1A5693-156D-465F-8616-99188DE0A9B2}.Release|Any CPU.ActiveCfg = Release|Any CPU
		{3D1A5693-156D-465F-8616-99188DE0A9B2}.Release|Any CPU.Build.0 = Release|Any CPU
		{78985DBF-7995-4391-973B-E723E753C8CA}.Debug|Any CPU.ActiveCfg = Debug|Any CPU
		{78985DBF-7995-4391-973B-E723E753C8CA}.Debug|Any CPU.Build.0 = Debug|Any CPU
		{78985DBF-7995-4391-973B-E723E753C8CA}.Release|Any CPU.ActiveCfg = Release|Any CPU
		{78985DBF-7995-4391-973B-E723E753C8CA}.Release|Any CPU.Build.0 = Release|Any CPU
	EndGlobalSection
	GlobalSection(SolutionProperties) = preSolution
		HideSolutionNode = FALSE
	EndGlobalSection
EndGlobal
