
Microsoft Visual Studio Solution File, Format Version 12.00
# Visual Studio 2013
VisualStudioVersion = 12.0.30723.0
MinimumVisualStudioVersion = 10.0.40219.1
Project("{FAE04EC0-301F-11D3-BF4B-00C04F79EFBC}") = "ParamsKeyword", "ParamsKeyword\ParamsKeyword.csproj", "{3FB95A13-437C-4E9C-B4D9-DA4866CF8A5B}"
EndProject
Project("{FAE04EC0-301F-11D3-BF4B-00C04F79EFBC}") = "RefOutKeywords", "RefOutKeywords\RefOutKeywords.csproj", "{3E050D9D-613F-447B-BFC3-89936870FF55}"
EndProject
Project("{FAE04EC0-301F-11D3-BF4B-00C04F79EFBC}") = "Calısma", "Calısma\Calısma.csproj", "{18FE6958-DF0C-49E5-AB39-585942715427}"
EndProject
Global
	GlobalSection(SolutionConfigurationPlatforms) = preSolution
		Debug|Any CPU = Debug|Any CPU
		Release|Any CPU = Release|Any CPU
	EndGlobalSection
	GlobalSection(ProjectConfigurationPlatforms) = postSolution
		{3FB95A13-437C-4E9C-B4D9-DA4866CF8A5B}.Debug|Any CPU.ActiveCfg = Debug|Any CPU
		{3FB95A13-437C-4E9C-B4D9-DA4866CF8A5B}.Debug|Any CPU.Build.0 = Debug|Any CPU
		{3FB95A13-437C-4E9C-B4D9-DA4866CF8A5B}.Release|Any CPU.ActiveCfg = Release|Any CPU
		{3FB95A13-437C-4E9C-B4D9-DA4866CF8A5B}.Release|Any CPU.Build.0 = Release|Any CPU
		{3E050D9D-613F-447B-BFC3-89936870FF55}.Debug|Any CPU.ActiveCfg = Debug|Any CPU
		{3E050D9D-613F-447B-BFC3-89936870FF55}.Debug|Any CPU.Build.0 = Debug|Any CPU
		{3E050D9D-613F-447B-BFC3-89936870FF55}.Release|Any CPU.ActiveCfg = Release|Any CPU
		{3E050D9D-613F-447B-BFC3-89936870FF55}.Release|Any CPU.Build.0 = Release|Any CPU
		{18FE6958-DF0C-49E5-AB39-585942715427}.Debug|Any CPU.ActiveCfg = Debug|Any CPU
		{18FE6958-DF0C-49E5-AB39-585942715427}.Debug|Any CPU.Build.0 = Debug|Any CPU
		{18FE6958-DF0C-49E5-AB39-585942715427}.Release|Any CPU.ActiveCfg = Release|Any CPU
		{18FE6958-DF0C-49E5-AB39-585942715427}.Release|Any CPU.Build.0 = Release|Any CPU
	EndGlobalSection
	GlobalSection(SolutionProperties) = preSolution
		HideSolutionNode = FALSE
	EndGlobalSection
EndGlobal
