
Microsoft Visual Studio Solution File, Format Version 12.00
# Visual Studio 2013
VisualStudioVersion = 12.0.30723.0
MinimumVisualStudioVersion = 10.0.40219.1
Project("{FAE04EC0-301F-11D3-BF4B-00C04F79EFBC}") = "RefParameters", "RefParameters\RefParameters.csproj", "{37415DD8-0AF7-4A62-A5BA-D87F96CF589C}"
EndProject
Project("{FAE04EC0-301F-11D3-BF4B-00C04F79EFBC}") = "Out Calisması", "Out Calisması\Out Calisması.csproj", "{E6B1DE9E-C705-4AB3-A8F9-BF8C49F63153}"
EndProject
Project("{FAE04EC0-301F-11D3-BF4B-00C04F79EFBC}") = "RecursiveMethods", "RecursiveMethods\RecursiveMethods.csproj", "{07F70A4C-94F8-435E-9D68-10E60E8D5E26}"
EndProject
Global
	GlobalSection(SolutionConfigurationPlatforms) = preSolution
		Debug|Any CPU = Debug|Any CPU
		Release|Any CPU = Release|Any CPU
	EndGlobalSection
	GlobalSection(ProjectConfigurationPlatforms) = postSolution
		{37415DD8-0AF7-4A62-A5BA-D87F96CF589C}.Debug|Any CPU.ActiveCfg = Debug|Any CPU
		{37415DD8-0AF7-4A62-A5BA-D87F96CF589C}.Debug|Any CPU.Build.0 = Debug|Any CPU
		{37415DD8-0AF7-4A62-A5BA-D87F96CF589C}.Release|Any CPU.ActiveCfg = Release|Any CPU
		{37415DD8-0AF7-4A62-A5BA-D87F96CF589C}.Release|Any CPU.Build.0 = Release|Any CPU
		{E6B1DE9E-C705-4AB3-A8F9-BF8C49F63153}.Debug|Any CPU.ActiveCfg = Debug|Any CPU
		{E6B1DE9E-C705-4AB3-A8F9-BF8C49F63153}.Debug|Any CPU.Build.0 = Debug|Any CPU
		{E6B1DE9E-C705-4AB3-A8F9-BF8C49F63153}.Release|Any CPU.ActiveCfg = Release|Any CPU
		{E6B1DE9E-C705-4AB3-A8F9-BF8C49F63153}.Release|Any CPU.Build.0 = Release|Any CPU
		{07F70A4C-94F8-435E-9D68-10E60E8D5E26}.Debug|Any CPU.ActiveCfg = Debug|Any CPU
		{07F70A4C-94F8-435E-9D68-10E60E8D5E26}.Debug|Any CPU.Build.0 = Debug|Any CPU
		{07F70A4C-94F8-435E-9D68-10E60E8D5E26}.Release|Any CPU.ActiveCfg = Release|Any CPU
		{07F70A4C-94F8-435E-9D68-10E60E8D5E26}.Release|Any CPU.Build.0 = Release|Any CPU
	EndGlobalSection
	GlobalSection(SolutionProperties) = preSolution
		HideSolutionNode = FALSE
	EndGlobalSection
EndGlobal
